
Microsoft Visual Studio Solution File, Format Version 12.00
# Visual Studio Version 17
VisualStudioVersion = 17.11.35327.3
MinimumVisualStudioVersion = 10.0.40219.1
Project("{FAE04EC0-301F-11D3-BF4B-00C04F79EFBC}") = "Proxy", "Proxy\Proxy.csproj", "{21621DB3-B976-49F3-8D7F-AF2DBF9F02BC}"
EndProject
Global
	GlobalSection(SolutionConfigurationPlatforms) = preSolution
		Debug|Any CPU = Debug|Any CPU
		Release|Any CPU = Release|Any CPU
	EndGlobalSection
	GlobalSection(ProjectConfigurationPlatforms) = postSolution
		{21621DB3-B976-49F3-8D7F-AF2DBF9F02BC}.Debug|Any CPU.ActiveCfg = Debug|Any CPU
		{21621DB3-B976-49F3-8D7F-AF2DBF9F02BC}.Debug|Any CPU.Build.0 = Debug|Any CPU
		{21621DB3-B976-49F3-8D7F-AF2DBF9F02BC}.Release|Any CPU.ActiveCfg = Release|Any CPU
		{21621DB3-B976-49F3-8D7F-AF2DBF9F02BC}.Release|Any CPU.Build.0 = Release|Any CPU
	EndGlobalSection
	GlobalSection(SolutionProperties) = preSolution
		HideSolutionNode = FALSE
	EndGlobalSection
	GlobalSection(ExtensibilityGlobals) = postSolution
		SolutionGuid = {CB218ECD-33F4-4E1B-B0FE-E1E4A12B7024}
	EndGlobalSection
EndGlobal
